
Microsoft Visual Studio Solution File, Format Version 12.00
# Visual Studio Version 17
VisualStudioVersion = 17.9.34714.143
MinimumVisualStudioVersion = 10.0.40219.1
Project("{FAE04EC0-301F-11D3-BF4B-00C04F79EFBC}") = "WebIcecream", "WebIcecream\WebIcecream.csproj", "{F7C17539-488D-43ED-B92B-5F362A4F5958}"
EndProject
Project("{FAE04EC0-301F-11D3-BF4B-00C04F79EFBC}") = "WebIcecream_FE", "WebIcecream_FE\WebIcecream_FE.csproj", "{EC1D6B23-8DF0-40A4-98DD-59BA605F3444}"
EndProject
Project("{FAE04EC0-301F-11D3-BF4B-00C04F79EFBC}") = "WebIcecream_FE_ADMIN", "WebIcecream_FE_ADMIN\WebIcecream_FE_ADMIN.csproj", "{29F30A2B-EF60-4B47-843C-B0414BE59819}"
EndProject
Global
	GlobalSection(SolutionConfigurationPlatforms) = preSolution
		Debug|Any CPU = Debug|Any CPU
		Release|Any CPU = Release|Any CPU
	EndGlobalSection
	GlobalSection(ProjectConfigurationPlatforms) = postSolution
		{F7C17539-488D-43ED-B92B-5F362A4F5958}.Debug|Any CPU.ActiveCfg = Debug|Any CPU
		{F7C17539-488D-43ED-B92B-5F362A4F5958}.Debug|Any CPU.Build.0 = Debug|Any CPU
		{F7C17539-488D-43ED-B92B-5F362A4F5958}.Release|Any CPU.ActiveCfg = Release|Any CPU
		{F7C17539-488D-43ED-B92B-5F362A4F5958}.Release|Any CPU.Build.0 = Release|Any CPU
		{EC1D6B23-8DF0-40A4-98DD-59BA605F3444}.Debug|Any CPU.ActiveCfg = Debug|Any CPU
		{EC1D6B23-8DF0-40A4-98DD-59BA605F3444}.Debug|Any CPU.Build.0 = Debug|Any CPU
		{EC1D6B23-8DF0-40A4-98DD-59BA605F3444}.Release|Any CPU.ActiveCfg = Release|Any CPU
		{EC1D6B23-8DF0-40A4-98DD-59BA605F3444}.Release|Any CPU.Build.0 = Release|Any CPU
		{29F30A2B-EF60-4B47-843C-B0414BE59819}.Debug|Any CPU.ActiveCfg = Debug|Any CPU
		{29F30A2B-EF60-4B47-843C-B0414BE59819}.Debug|Any CPU.Build.0 = Debug|Any CPU
		{29F30A2B-EF60-4B47-843C-B0414BE59819}.Release|Any CPU.ActiveCfg = Release|Any CPU
		{29F30A2B-EF60-4B47-843C-B0414BE59819}.Release|Any CPU.Build.0 = Release|Any CPU
	EndGlobalSection
	GlobalSection(SolutionProperties) = preSolution
		HideSolutionNode = FALSE
	EndGlobalSection
	GlobalSection(ExtensibilityGlobals) = postSolution
		SolutionGuid = {F80FF603-D970-4196-97AC-E5323960F46C}
	EndGlobalSection
EndGlobal
